
Microsoft Visual Studio Solution File, Format Version 12.00
# Visual Studio 14
VisualStudioVersion = 14.0.25123.0
MinimumVisualStudioVersion = 10.0.40219.1
Project("{FAE04EC0-301F-11D3-BF4B-00C04F79EFBC}") = "Puzzle", "Puzzle\Puzzle.csproj", "{CC4D0649-0CE3-415D-9C5A-476B59C50386}"
EndProject
Global
	GlobalSection(SolutionConfigurationPlatforms) = preSolution
		Debug|Any CPU = Debug|Any CPU
		Release|Any CPU = Release|Any CPU
	EndGlobalSection
	GlobalSection(ProjectConfigurationPlatforms) = postSolution
		{CC4D0649-0CE3-415D-9C5A-476B59C50386}.Debug|Any CPU.ActiveCfg = Debug|Any CPU
		{CC4D0649-0CE3-415D-9C5A-476B59C50386}.Debug|Any CPU.Build.0 = Debug|Any CPU
		{CC4D0649-0CE3-415D-9C5A-476B59C50386}.Release|Any CPU.ActiveCfg = Release|Any CPU
		{CC4D0649-0CE3-415D-9C5A-476B59C50386}.Release|Any CPU.Build.0 = Release|Any CPU
	EndGlobalSection
	GlobalSection(SolutionProperties) = preSolution
		HideSolutionNode = FALSE
	EndGlobalSection
EndGlobal
